// !$*UTF8*$!
{
	archiveVersion = 1;
	classes = {
	};
	objectVersion = 46;
	objects = {

/* Begin PBXBuildFile section */
		233FE1701D741081006C29AC /* AppDelegate.swift in Sources */ = {isa = PBXBuildFile; fileRef = 233FE16F1D741081006C29AC /* AppDelegate.swift */; };
		233FE1721D741081006C29AC /* ViewController.swift in Sources */ = {isa = PBXBuildFile; fileRef = 233FE1711D741081006C29AC /* ViewController.swift */; };
		233FE1751D741081006C29AC /* Main.storyboard in Resources */ = {isa = PBXBuildFile; fileRef = 233FE1731D741081006C29AC /* Main.storyboard */; };
		233FE1771D741081006C29AC /* Assets.xcassets in Resources */ = {isa = PBXBuildFile; fileRef = 233FE1761D741081006C29AC /* Assets.xcassets */; };
		233FE17A1D741081006C29AC /* LaunchScreen.storyboard in Resources */ = {isa = PBXBuildFile; fileRef = 233FE1781D741081006C29AC /* LaunchScreen.storyboard */; };
/* End PBXBuildFile section */

/* Begin PBXFileReference section */
		233FE16C1D741081006C29AC /* MidBoss1.app */ = {isa = PBXFileReference; explicitFileType = wrapper.application; includeInIndex = 0; path = MidBoss1.app; sourceTree = BUILT_PRODUCTS_DIR; };
		233FE16F1D741081006C29AC /* AppDelegate.swift */ = {isa = PBXFileReference; lastKnownFileType = sourcecode.swift; path = AppDelegate.swift; sourceTree = "<group>"; };
		233FE1711D741081006C29AC /* ViewController.swift */ = {isa = PBXFileReference; lastKnownFileType = sourcecode.swift; path = ViewController.swift; sourceTree = "<group>"; };
		233FE1741D741081006C29AC /* Base */ = {isa = PBXFileReference; lastKnownFileType = file.storyboard; name = Base; path = Base.lproj/Main.storyboard; sourceTree = "<group>"; };
		233FE1761D741081006C29AC /* Assets.xcassets */ = {isa = PBXFileReference; lastKnownFileType = folder.assetcatalog; path = Assets.xcassets; sourceTree = "<group>"; };
		233FE1791D741081006C29AC /* Base */ = {isa = PBXFileReference; lastKnownFileType = file.storyboard; name = Base; path = Base.lproj/LaunchScreen.storyboard; sourceTree = "<group>"; };
		233FE17B1D741081006C29AC /* Info.plist */ = {isa = PBXFileReference; lastKnownFileType = text.plist.xml; path = Info.plist; sourceTree = "<group>"; };
/* End PBXFileReference section */

/* Begin PBXFrameworksBuildPhase section */
		233FE1691D741081006C29AC /* Frameworks */ = {
			isa = PBXFrameworksBuildPhase;
			buildActionMask = 2147483647;
			files = (
			);
			runOnlyForDeploymentPostprocessing = 0;
		};
/* End PBXFrameworksBuildPhase section */

/* Begin PBXGroup section */
		233FE1631D741081006C29AC = {
			isa = PBXGroup;
			children = (
				233FE16E1D741081006C29AC /* MidBoss1 */,
				233FE16D1D741081006C29AC /* Products */,
			);
			sourceTree = "<group>";
		};
		233FE16D1D741081006C29AC /* Products */ = {
			isa = PBXGroup;
			children = (
				233FE16C1D741081006C29AC /* MidBoss1.app */,
			);
			name = Products;
			sourceTree = "<group>";
		};
		233FE16E1D741081006C29AC /* MidBoss1 */ = {
			isa = PBXGroup;
			children = (
				233FE16F1D741081006C29AC /* AppDelegate.swift */,
				233FE1711D741081006C29AC /* ViewController.swift */,
				233FE1731D741081006C29AC /* Main.storyboard */,
				233FE1761D741081006C29AC /* Assets.xcassets */,
				233FE1781D741081006C29AC /* LaunchScreen.storyboard */,
				233FE17B1D741081006C29AC /* Info.plist */,
			);
			path = MidBoss1;
			sourceTree = "<group>";
		};
/* End PBXGroup section */

/* Begin PBXNativeTarget section */
		233FE16B1D741081006C29AC /* MidBoss1 */ = {
			isa = PBXNativeTarget;
			buildConfigurationList = 233FE17E1D741081006C29AC /* Build configuration list for PBXNativeTarget "MidBoss1" */;
			buildPhases = (
				233FE1681D741081006C29AC /* Sources */,
				233FE1691D741081006C29AC /* Frameworks */,
				233FE16A1D741081006C29AC /* Resources */,
			);
			buildRules = (
			);
			dependencies = (
			);
			name = MidBoss1;
			productName = MidBoss1;
			productReference = 233FE16C1D741081006C29AC /* MidBoss1.app */;
			productType = "com.apple.product-type.application";
		};
/* End PBXNativeTarget section */

/* Begin PBXProject section */
		233FE1641D741081006C29AC /* Project object */ = {
			isa = PBXProject;
			attributes = {
				LastSwiftUpdateCheck = 0730;
				LastUpgradeCheck = 0730;
				ORGANIZATIONNAME = Oscar;
				TargetAttributes = {
					233FE16B1D741081006C29AC = {
						CreatedOnToolsVersion = 7.3.1;
					};
				};
			};
			buildConfigurationList = 233FE1671D741081006C29AC /* Build configuration list for PBXProject "MidBoss1" */;
			compatibilityVersion = "Xcode 3.2";
			developmentRegion = English;
			hasScannedForEncodings = 0;
			knownRegions = (
				en,
				Base,
			);
			mainGroup = 233FE1631D741081006C29AC;
			productRefGroup = 233FE16D1D741081006C29AC /* Products */;
			projectDirPath = "";
			projectRoot = "";
			targets = (
				233FE16B1D741081006C29AC /* MidBoss1 */,
			);
		};
/* End PBXProject section */

/* Begin PBXResourcesBuildPhase section */
		233FE16A1D741081006C29AC /* Resources */ = {
			isa = PBXResourcesBuildPhase;
			buildActionMask = 2147483647;
			files = (
				233FE17A1D741081006C29AC /* LaunchScreen.storyboard in Resources */,
				233FE1771D741081006C29AC /* Assets.xcassets in Resources */,
				233FE1751D741081006C29AC /* Main.storyboard in Resources */,
			);
			runOnlyForDeploymentPostprocessing = 0;
		};
/* End PBXResourcesBuildPhase section */

/* Begin PBXSourcesBuildPhase section */
		233FE1681D741081006C29AC /* Sources */ = {
			isa = PBXSourcesBuildPhase;
			buildActionMask = 2147483647;
			files = (
				233FE1721D741081006C29AC /* ViewController.swift in Sources */,
				233FE1701D741081006C29AC /* AppDelegate.swift in Sources */,
			);
			runOnlyForDeploymentPostprocessing = 0;
		};
/* End PBXSourcesBuildPhase section */

/* Begin PBXVariantGroup section */
		233FE1731D741081006C29AC /* Main.storyboard */ = {
			isa = PBXVariantGroup;
			children = (
				233FE1741D741081006C29AC /* Base */,
			);
			name = Main.storyboard;
			sourceTree = "<group>";
		};
		233FE1781D741081006C29AC /* LaunchScreen.storyboard */ = {
			isa = PBXVariantGroup;
			children = (
				233FE1791D741081006C29AC /* Base */,
			);
			name = LaunchScreen.storyboard;
			sourceTree = "<group>";
		};
/* End PBXVariantGroup section */

/* Begin XCBuildConfiguration section */
		233FE17C1D741081006C29AC /* Debug */ = {
			isa = XCBuildConfiguration;
			buildSettings = {
				ALWAYS_SEARCH_USER_PATHS = NO;
				CLANG_ANALYZER_NONNULL = YES;
				CLANG_CXX_LANGUAGE_STANDARD = "gnu++0x";
				CLANG_CXX_LIBRARY = "libc++";
				CLANG_ENABLE_MODULES = YES;
				CLANG_ENABLE_OBJC_ARC = YES;
				CLANG_WARN_BOOL_CONVERSION = YES;
				CLANG_WARN_CONSTANT_CONVERSION = YES;
				CLANG_WARN_DIRECT_OBJC_ISA_USAGE = YES_ERROR;
				CLANG_WARN_EMPTY_BODY = YES;
				CLANG_WARN_ENUM_CONVERSION = YES;
				CLANG_WARN_INT_CONVERSION = YES;
				CLANG_WARN_OBJC_ROOT_CLASS = YES_ERROR;
				CLANG_WARN_UNREACHABLE_CODE = YES;
				CLANG_WARN__DUPLICATE_METHOD_MATCH = YES;
				"CODE_SIGN_IDENTITY[sdk=iphoneos*]" = "iPhone Developer";
				COPY_PHASE_STRIP = NO;
				DEBUG_INFORMATION_FORMAT = dwarf;
				ENABLE_STRICT_OBJC_MSGSEND = YES;
				ENABLE_TESTABILITY = YES;
				GCC_C_LANGUAGE_STANDARD = gnu99;
				GCC_DYNAMIC_NO_PIC = NO;
				GCC_NO_COMMON_BLOCKS = YES;
				GCC_OPTIMIZATION_LEVEL = 0;
				GCC_PREPROCESSOR_DEFINITIONS = (
					"DEBUG=1",
					"$(inherited)",
				);
				GCC_WARN_64_TO_32_BIT_CONVERSION = YES;
				GCC_WARN_ABOUT_RETURN_TYPE = YES_ERROR;
				GCC_WARN_UNDECLARED_SELECTOR = YES;
				GCC_WARN_UNINITIALIZED_AUTOS = YES_AGGRESSIVE;
				GCC_WARN_UNUSED_FUNCTION = YES;
				GCC_WARN_UNUSED_VARIABLE = YES;
				IPHONEOS_DEPLOYMENT_TARGET = 9.3;
				MTL_ENABLE_DEBUG_INFO = YES;
				ONLY_ACTIVE_ARCH = YES;
				SDKROOT = iphoneos;
				SWIFT_OPTIMIZATION_LEVEL = "-Onone";
			};
			name = Debug;
		};
		233FE17D1D741081006C29AC /* Release */ = {
			isa = XCBuildConfiguration;
			buildSettings = {
				ALWAYS_SEARCH_USER_PATHS = NO;
				CLANG_ANALYZER_NONNULL = YES;
				CLANG_CXX_LANGUAGE_STANDARD = "gnu++0x";
				CLANG_CXX_LIBRARY = "libc++";
				CLANG_ENABLE_MODULES = YES;
				CLANG_ENABLE_OBJC_ARC = YES;
				CLANG_WARN_BOOL_CONVERSION = YES;
				CLANG_WARN_CONSTANT_CONVERSION = YES;
				CLANG_WARN_DIRECT_OBJC_ISA_USAGE = YES_ERROR;
				CLANG_WARN_EMPTY_BODY = YES;
				CLANG_WARN_ENUM_CONVERSION = YES;
				CLANG_WARN_INT_CONVERSION = YES;
				CLANG_WARN_OBJC_ROOT_CLASS = YES_ERROR;
				CLANG_WARN_UNREACHABLE_CODE = YES;
				CLANG_WARN__DUPLICATE_METHOD_MATCH = YES;
				"CODE_SIGN_IDENTITY[sdk=iphoneos*]" = "iPhone Developer";
				COPY_PHASE_STRIP = NO;
				DEBUG_INFORMATION_FORMAT = "dwarf-with-dsym";
				ENABLE_NS_ASSERTIONS = NO;
				ENABLE_STRICT_OBJC_MSGSEND = YES;
				GCC_C_LANGUAGE_STANDARD = gnu99;
				GCC_NO_COMMON_BLOCKS = YES;
				GCC_WARN_64_TO_32_BIT_CONVERSION = YES;
				GCC_WARN_ABOUT_RETURN_TYPE = YES_ERROR;
				GCC_WARN_UNDECLARED_SELECTOR = YES;
				GCC_WARN_UNINITIALIZED_AUTOS = YES_AGGRESSIVE;
				GCC_WARN_UNUSED_FUNCTION = YES;
				GCC_WARN_UNUSED_VARIABLE = YES;
				IPHONEOS_DEPLOYMENT_TARGET = 9.3;
				MTL_ENABLE_DEBUG_INFO = NO;
				SDKROOT = iphoneos;
				VALIDATE_PRODUCT = YES;
			};
			name = Release;
		};
		233FE17F1D741081006C29AC /* Debug */ = {
			isa = XCBuildConfiguration;
			buildSettings = {
				ASSETCATALOG_COMPILER_APPICON_NAME = AppIcon;
				INFOPLIST_FILE = MidBoss1/Info.plist;
				LD_RUNPATH_SEARCH_PATHS = "$(inherited) @executable_path/Frameworks";
				PRODUCT_BUNDLE_IDENTIFIER = Oscar.MidBoss1;
				PRODUCT_NAME = "$(TARGET_NAME)";
			};
			name = Debug;
		};
		233FE1801D741081006C29AC /* Release */ = {
			isa = XCBuildConfiguration;
			buildSettings = {
				ASSETCATALOG_COMPILER_APPICON_NAME = AppIcon;
				INFOPLIST_FILE = MidBoss1/Info.plist;
				LD_RUNPATH_SEARCH_PATHS = "$(inherited) @executable_path/Frameworks";
				PRODUCT_BUNDLE_IDENTIFIER = Oscar.MidBoss1;
				PRODUCT_NAME = "$(TARGET_NAME)";
			};
			name = Release;
		};
/* End XCBuildConfiguration section */

/* Begin XCConfigurationList section */
		233FE1671D741081006C29AC /* Build configuration list for PBXProject "MidBoss1" */ = {
			isa = XCConfigurationList;
			buildConfigurations = (
				233FE17C1D741081006C29AC /* Debug */,
				233FE17D1D741081006C29AC /* Release */,
			);
			defaultConfigurationIsVisible = 0;
			defaultConfigurationName = Release;
		};
		233FE17E1D741081006C29AC /* Build configuration list for PBXNativeTarget "MidBoss1" */ = {
			isa = XCConfigurationList;
			buildConfigurations = (
				233FE17F1D741081006C29AC /* Debug */,
				233FE1801D741081006C29AC /* Release */,
			);
			defaultConfigurationIsVisible = 0;
		};
/* End XCConfigurationList section */
	};
	rootObject = 233FE1641D741081006C29AC /* Project object */;
}
